
Microsoft Visual Studio Solution File, Format Version 12.00
# Visual Studio 2012
Project("{FAE04EC0-301F-11D3-BF4B-00C04F79EFBC}") = "SoletekForce", "SoletekForce\SoletekForce.csproj", "{34B01B69-B34C-4DBA-A9B0-FBF5EF9DE7EA}"
EndProject
Global
	GlobalSection(SolutionConfigurationPlatforms) = preSolution
		Debug|x86 = Debug|x86
		Release|x86 = Release|x86
	EndGlobalSection
	GlobalSection(ProjectConfigurationPlatforms) = postSolution
		{2BE03809-FEC1-4A6A-8489-FAE3DF32EDA2}.Debug|x86.ActiveCfg = Debug|x86
		{2BE03809-FEC1-4A6A-8489-FAE3DF32EDA2}.Debug|x86.Build.0 = Debug|x86
		{2BE03809-FEC1-4A6A-8489-FAE3DF32EDA2}.Release|x86.ActiveCfg = Release|x86
		{2BE03809-FEC1-4A6A-8489-FAE3DF32EDA2}.Release|x86.Build.0 = Release|x86
		{34B01B69-B34C-4DBA-A9B0-FBF5EF9DE7EA}.Debug|x86.ActiveCfg = Debug|x86
		{34B01B69-B34C-4DBA-A9B0-FBF5EF9DE7EA}.Debug|x86.Build.0 = Debug|x86
		{34B01B69-B34C-4DBA-A9B0-FBF5EF9DE7EA}.Release|x86.ActiveCfg = Release|x86
		{34B01B69-B34C-4DBA-A9B0-FBF5EF9DE7EA}.Release|x86.Build.0 = Release|x86
		{34627299-AB51-4C99-B5DA-C03EB751B387}.Debug|x86.ActiveCfg = Debug|Any CPU
		{34627299-AB51-4C99-B5DA-C03EB751B387}.Debug|x86.Build.0 = Debug|Any CPU
		{34627299-AB51-4C99-B5DA-C03EB751B387}.Release|x86.ActiveCfg = Release|Any CPU
		{34627299-AB51-4C99-B5DA-C03EB751B387}.Release|x86.Build.0 = Release|Any CPU
	EndGlobalSection
EndGlobal
